{
  "name": "taiko-pp-calc",
  "version": "1.0.0",
  "lockfileVersion": 1,
  "requires": true,
  "dependencies": {
    "index.js": {
      "version": "0.0.3",
      "resolved": "https://registry.npmjs.org/index.js/-/index.js-0.0.3.tgz",
      "integrity": "sha1-JzOx9IbciQ7QJpiQJPWC2DXFI6w="
    },
    "osu-parser": {
      "version": "0.3.3",
      "resolved": "https://registry.npmjs.org/osu-parser/-/osu-parser-0.3.3.tgz",
      "integrity": "sha1-b8V7qXPfD8pcVU6ligz3keHUUNg="
    }
  }
}
